<?xml version="1.0" encoding="UTF-8"?>
<Scheme
   LastUpgradeVersion = "1100"
   version = "1.7">
   <BuildAction
      parallelizeBuildables = "YES"
      buildImplicitDependencies = "YES">
      <PreActions>
         <ExecutionAction
            ActionType = "Xcode.IDEStandardExecutionActionsCore.ExecutionActionType.ShellScriptAction">
            <ActionContent
               title = "Run Script"
               scriptText = "exec &gt; ${SRCROOT}/BreadboardSimulator/${ENVIRONMENT_FILE_PATH} 2&gt;&amp;1&#10;echo &quot;// Set by the scheme in a pre-build action,&quot;&#10;echo &quot;// then reset back to nil once the build has completed&quot;&#10;echo &quot;let environment: Environment = .development&quot;&#10;">
               <EnvironmentBuildable>
                  <BuildableReference
                     BuildableIdentifier = "primary"
                     BlueprintIdentifier = "8D34A6CC22F50DD40020AC89"
                     BuildableName = "BreadboardSimulator.app"
                     BlueprintName = "BreadboardSimulator"
                     ReferencedContainer = "container:BreadboardSimulator.xcodeproj">
                  </BuildableReference>
               </EnvironmentBuildable>
            </ActionContent>
         </ExecutionAction>
      </PreActions>
      <PostActions>
         <ExecutionAction
            ActionType = "Xcode.IDEStandardExecutionActionsCore.ExecutionActionType.ShellScriptAction">
            <ActionContent
               title = "Run Script"
               scriptText = "exec &gt; ${SRCROOT}/BreadboardSimulator/${ENVIRONMENT_FILE_PATH} 2&gt;&amp;1&#10;echo &quot;// Set by the scheme in a pre-build action,&quot;&#10;echo &quot;// then reset back to nil once the build has completed&quot;&#10;echo &quot;let environment: Environment! = nil&quot;&#10;">
               <EnvironmentBuildable>
                  <BuildableReference
                     BuildableIdentifier = "primary"
                     BlueprintIdentifier = "8D34A6CC22F50DD40020AC89"
                     BuildableName = "BreadboardSimulator.app"
                     BlueprintName = "BreadboardSimulator"
                     ReferencedContainer = "container:BreadboardSimulator.xcodeproj">
                  </BuildableReference>
               </EnvironmentBuildable>
            </ActionContent>
         </ExecutionAction>
      </PostActions>
      <BuildActionEntries>
         <BuildActionEntry
            buildForTesting = "YES"
            buildForRunning = "YES"
            buildForProfiling = "YES"
            buildForArchiving = "YES"
            buildForAnalyzing = "YES">
            <BuildableReference
               BuildableIdentifier = "primary"
               BlueprintIdentifier = "8D34A6CC22F50DD40020AC89"
               BuildableName = "BreadboardSimulator.app"
               BlueprintName = "BreadboardSimulator"
               ReferencedContainer = "container:BreadboardSimulator.xcodeproj">
            </BuildableReference>
         </BuildActionEntry>
         <BuildActionEntry
            buildForTesting = "YES"
            buildForRunning = "NO"
            buildForProfiling = "NO"
            buildForArchiving = "NO"
            buildForAnalyzing = "NO">
            <BuildableReference
               BuildableIdentifier = "primary"
               BlueprintIdentifier = "8D34A6E222F50DD60020AC89"
               BuildableName = "BreadboardSimulatorTests.xctest"
               BlueprintName = "BreadboardSimulatorTests"
               ReferencedContainer = "container:BreadboardSimulator.xcodeproj">
            </BuildableReference>
         </BuildActionEntry>
         <BuildActionEntry
            buildForTesting = "YES"
            buildForRunning = "NO"
            buildForProfiling = "NO"
            buildForArchiving = "NO"
            buildForAnalyzing = "NO">
            <BuildableReference
               BuildableIdentifier = "primary"
               BlueprintIdentifier = "8D34A6ED22F50DD60020AC89"
               BuildableName = "BreadboardSimulatorUITests.xctest"
               BlueprintName = "BreadboardSimulatorUITests"
               ReferencedContainer = "container:BreadboardSimulator.xcodeproj">
            </BuildableReference>
         </BuildActionEntry>
      </BuildActionEntries>
   </BuildAction>
   <TestAction
      buildConfiguration = "Debug"
      selectedDebuggerIdentifier = "Xcode.DebuggerFoundation.Debugger.LLDB"
      selectedLauncherIdentifier = "Xcode.DebuggerFoundation.Launcher.LLDB"
      shouldUseLaunchSchemeArgsEnv = "YES">
      <TestPlans>
      </TestPlans>
   </TestAction>
   <LaunchAction
      buildConfiguration = "Debug"
      selectedDebuggerIdentifier = "Xcode.DebuggerFoundation.Debugger.LLDB"
      selectedLauncherIdentifier = "Xcode.DebuggerFoundation.Launcher.LLDB"
      launchStyle = "0"
      useCustomWorkingDirectory = "NO"
      ignoresPersistentStateOnLaunch = "NO"
      debugDocumentVersioning = "YES"
      debugServiceExtension = "internal"
      allowLocationSimulation = "YES">
      <BuildableProductRunnable
         runnableDebuggingMode = "0">
         <BuildableReference
            BuildableIdentifier = "primary"
            BlueprintIdentifier = "8D34A6CC22F50DD40020AC89"
            BuildableName = "BreadboardSimulator.app"
            BlueprintName = "BreadboardSimulator"
            ReferencedContainer = "container:BreadboardSimulator.xcodeproj">
         </BuildableReference>
      </BuildableProductRunnable>
   </LaunchAction>
   <ProfileAction
      buildConfiguration = "Release"
      shouldUseLaunchSchemeArgsEnv = "YES"
      savedToolIdentifier = ""
      useCustomWorkingDirectory = "NO"
      debugDocumentVersioning = "YES">
      <BuildableProductRunnable
         runnableDebuggingMode = "0">
         <BuildableReference
            BuildableIdentifier = "primary"
            BlueprintIdentifier = "8D34A6CC22F50DD40020AC89"
            BuildableName = "BreadboardSimulator.app"
            BlueprintName = "BreadboardSimulator"
            ReferencedContainer = "container:BreadboardSimulator.xcodeproj">
         </BuildableReference>
      </BuildableProductRunnable>
   </ProfileAction>
   <AnalyzeAction
      buildConfiguration = "Debug">
   </AnalyzeAction>
   <ArchiveAction
      buildConfiguration = "Release"
      revealArchiveInOrganizer = "YES">
   </ArchiveAction>
</Scheme>
